{
  "version": 4,
  "terraform_version": "1.7.4",
  "serial": 3,
  "lineage": "67346868-e83b-0976-1d16-3c079064d1db",
  "outputs": {},
  "resources": [
    {
      "mode": "managed",
      "type": "github_repository",
      "name": "repo",
      "provider": "provider[\"registry.terraform.io/hashicorp/github\"]",
      "instances": [
        {
          "schema_version": 1,
          "attributes": {
            "allow_auto_merge": false,
            "allow_merge_commit": true,
            "allow_rebase_merge": true,
            "allow_squash_merge": true,
            "allow_update_branch": false,
            "archive_on_destroy": null,
            "archived": false,
            "auto_init": null,
            "default_branch": "main",
            "delete_branch_on_merge": false,
            "description": "creating a repo using Terraform",
            "etag": "W/\"40077d7b2bc541ca1b7cbdb25b4e5ef33a31ca848369977cd23819826024152a\"",
            "full_name": "kalyanKumarPokkula/Terraform_Repository",
            "git_clone_url": "git://github.com/kalyanKumarPokkula/Terraform_Repository.git",
            "gitignore_template": null,
            "has_discussions": false,
            "has_downloads": false,
            "has_issues": false,
            "has_projects": false,
            "has_wiki": false,
            "homepage_url": "",
            "html_url": "https://github.com/kalyanKumarPokkula/Terraform_Repository",
            "http_clone_url": "https://github.com/kalyanKumarPokkula/Terraform_Repository.git",
            "id": "Terraform_Repository",
            "ignore_vulnerability_alerts_during_read": null,
            "is_template": false,
            "license_template": null,
            "merge_commit_message": "PR_TITLE",
            "merge_commit_title": "MERGE_MESSAGE",
            "name": "Terraform_Repository",
            "node_id": "R_kgDOLYJm-g",
            "pages": [],
            "primary_language": "",
            "private": false,
            "repo_id": 763520762,
            "security_and_analysis": [
              {
                "advanced_security": [],
                "secret_scanning": [
                  {
                    "status": "disabled"
                  }
                ],
                "secret_scanning_push_protection": [
                  {
                    "status": "disabled"
                  }
                ]
              }
            ],
            "squash_merge_commit_message": "COMMIT_MESSAGES",
            "squash_merge_commit_title": "COMMIT_OR_PR_TITLE",
            "ssh_clone_url": "git@github.com:kalyanKumarPokkula/Terraform_Repository.git",
            "svn_url": "https://github.com/kalyanKumarPokkula/Terraform_Repository",
            "template": [],
            "topics": [],
            "visibility": "public",
            "vulnerability_alerts": false,
            "web_commit_signoff_required": false
          },
          "sensitive_attributes": [],
          "private": "eyJzY2hlbWFfdmVyc2lvbiI6IjEifQ=="
        }
      ]
    }
  ],
  "check_results": null
}
